
Microsoft Visual Studio Solution File, Format Version 12.00
# Visual Studio Version 16
VisualStudioVersion = 16.0.30804.86
MinimumVisualStudioVersion = 10.0.40219.1
Project("{8BC9CEB8-8B4A-11D0-8D11-00A0C91BC942}") = "0111", "0111\0111.vcxproj", "{813A4888-5D90-4F08-A00E-3C304025A134}"
EndProject
Global
	GlobalSection(SolutionConfigurationPlatforms) = preSolution
		Debug|x64 = Debug|x64
		Debug|x86 = Debug|x86
		Release|x64 = Release|x64
		Release|x86 = Release|x86
	EndGlobalSection
	GlobalSection(ProjectConfigurationPlatforms) = postSolution
		{813A4888-5D90-4F08-A00E-3C304025A134}.Debug|x64.ActiveCfg = Debug|x64
		{813A4888-5D90-4F08-A00E-3C304025A134}.Debug|x64.Build.0 = Debug|x64
		{813A4888-5D90-4F08-A00E-3C304025A134}.Debug|x86.ActiveCfg = Debug|Win32
		{813A4888-5D90-4F08-A00E-3C304025A134}.Debug|x86.Build.0 = Debug|Win32
		{813A4888-5D90-4F08-A00E-3C304025A134}.Release|x64.ActiveCfg = Release|x64
		{813A4888-5D90-4F08-A00E-3C304025A134}.Release|x64.Build.0 = Release|x64
		{813A4888-5D90-4F08-A00E-3C304025A134}.Release|x86.ActiveCfg = Release|Win32
		{813A4888-5D90-4F08-A00E-3C304025A134}.Release|x86.Build.0 = Release|Win32
	EndGlobalSection
	GlobalSection(SolutionProperties) = preSolution
		HideSolutionNode = FALSE
	EndGlobalSection
	GlobalSection(ExtensibilityGlobals) = postSolution
		SolutionGuid = {AB761002-01E3-40AF-AC71-2BBF36F2AA8F}
	EndGlobalSection
EndGlobal
